
Microsoft Visual Studio Solution File, Format Version 12.00
# Visual Studio Version 17
VisualStudioVersion = 17.0.31903.59
MinimumVisualStudioVersion = 10.0.40219.1
Project("{9A19103F-16F7-4668-BE54-9A1E7A4F7556}") = "Main", "Main\Main.csproj", "{7C0F6BC4-3BC1-48FF-A35D-B7FF50BB0A65}"
EndProject
Project("{9A19103F-16F7-4668-BE54-9A1E7A4F7556}") = "Sub", "Sub\Sub.csproj", "{14A38FFA-E11F-48C8-B098-0E71A8A63289}"
EndProject
Project("{FAE04EC0-301F-11D3-BF4B-00C04F79EFBC}") = "Gateway", "Gateway\Gateway.csproj", "{5F7A2A54-CCF0-42F9-BEAA-EB482F6004EA}"
EndProject
Global
	GlobalSection(SolutionConfigurationPlatforms) = preSolution
		Debug|Any CPU = Debug|Any CPU
		Release|Any CPU = Release|Any CPU
	EndGlobalSection
	GlobalSection(ProjectConfigurationPlatforms) = postSolution
		{7C0F6BC4-3BC1-48FF-A35D-B7FF50BB0A65}.Debug|Any CPU.ActiveCfg = Debug|Any CPU
		{7C0F6BC4-3BC1-48FF-A35D-B7FF50BB0A65}.Debug|Any CPU.Build.0 = Debug|Any CPU
		{7C0F6BC4-3BC1-48FF-A35D-B7FF50BB0A65}.Release|Any CPU.ActiveCfg = Release|Any CPU
		{7C0F6BC4-3BC1-48FF-A35D-B7FF50BB0A65}.Release|Any CPU.Build.0 = Release|Any CPU
		{14A38FFA-E11F-48C8-B098-0E71A8A63289}.Debug|Any CPU.ActiveCfg = Debug|Any CPU
		{14A38FFA-E11F-48C8-B098-0E71A8A63289}.Debug|Any CPU.Build.0 = Debug|Any CPU
		{14A38FFA-E11F-48C8-B098-0E71A8A63289}.Release|Any CPU.ActiveCfg = Release|Any CPU
		{14A38FFA-E11F-48C8-B098-0E71A8A63289}.Release|Any CPU.Build.0 = Release|Any CPU
		{5F7A2A54-CCF0-42F9-BEAA-EB482F6004EA}.Debug|Any CPU.ActiveCfg = Debug|Any CPU
		{5F7A2A54-CCF0-42F9-BEAA-EB482F6004EA}.Debug|Any CPU.Build.0 = Debug|Any CPU
		{5F7A2A54-CCF0-42F9-BEAA-EB482F6004EA}.Release|Any CPU.ActiveCfg = Release|Any CPU
		{5F7A2A54-CCF0-42F9-BEAA-EB482F6004EA}.Release|Any CPU.Build.0 = Release|Any CPU
	EndGlobalSection
	GlobalSection(SolutionProperties) = preSolution
		HideSolutionNode = FALSE
	EndGlobalSection
	GlobalSection(ExtensibilityGlobals) = postSolution
		SolutionGuid = {8D435929-7FC4-42A7-ABF7-899140FDC360}
	EndGlobalSection
EndGlobal
